// !$*UTF8*$!
{
	archiveVersion = 1;
	classes = {
	};
	objectVersion = 46;
	objects = {

/* Begin PBXBuildFile section */
		1D3623260D0F684500981E51 /* WeGoTooAppDelegate.m in Sources */ = {isa = PBXBuildFile; fileRef = 1D3623250D0F684500981E51 /* WeGoTooAppDelegate.m */; };
		1D60589B0D05DD56006BFB54 /* main.m in Sources */ = {isa = PBXBuildFile; fileRef = 29B97316FDCFA39411CA2CEA /* main.m */; };
		1D60589F0D05DD5A006BFB54 /* Foundation.framework in Frameworks */ = {isa = PBXBuildFile; fileRef = 1D30AB110D05D00D00671497 /* Foundation.framework */; };
		1DF5F4E00D08C38300B7A737 /* UIKit.framework in Frameworks */ = {isa = PBXBuildFile; fileRef = 1DF5F4DF0D08C38300B7A737 /* UIKit.framework */; };
		28193060112F816700ECF9B4 /* WeGoToo.xcdatamodeld in Sources */ = {isa = PBXBuildFile; fileRef = 2819305F112F816700ECF9B4 /* WeGoToo.xcdatamodeld */; };
		288765A50DF7441C002DB57D /* CoreGraphics.framework in Frameworks */ = {isa = PBXBuildFile; fileRef = 288765A40DF7441C002DB57D /* CoreGraphics.framework */; };
		28AD733F0D9D9553002E5188 /* MainWindow.xib in Resources */ = {isa = PBXBuildFile; fileRef = 28AD733E0D9D9553002E5188 /* MainWindow.xib */; };
		28D801B40F44B63D00FB423F /* CoreData.framework in Frameworks */ = {isa = PBXBuildFile; fileRef = 28D801B30F44B63D00FB423F /* CoreData.framework */; };
		8404C08E12F7FE85008FE3A2 /* MyTripsViewController.m in Sources */ = {isa = PBXBuildFile; fileRef = 8404C08C12F7FE85008FE3A2 /* MyTripsViewController.m */; };
		8404C08F12F7FE85008FE3A2 /* MyTripsView.xib in Resources */ = {isa = PBXBuildFile; fileRef = 8404C08D12F7FE85008FE3A2 /* MyTripsView.xib */; };
		8445582812FA810D00AA0D15 /* TripDetailViewController.m in Sources */ = {isa = PBXBuildFile; fileRef = 8445582612FA810D00AA0D15 /* TripDetailViewController.m */; };
		8445582912FA810D00AA0D15 /* TripDetailView.xib in Resources */ = {isa = PBXBuildFile; fileRef = 8445582712FA810D00AA0D15 /* TripDetailView.xib */; };
		844558CA12FAA13600AA0D15 /* FoundTripsView.xib in Resources */ = {isa = PBXBuildFile; fileRef = 844558C912FAA13600AA0D15 /* FoundTripsView.xib */; };
		844558CD12FAA14D00AA0D15 /* FoundTripsViewController.m in Sources */ = {isa = PBXBuildFile; fileRef = 844558CC12FAA14D00AA0D15 /* FoundTripsViewController.m */; };
		8445599F12FBBDA300AA0D15 /* FBDialog.bundle in Resources */ = {isa = PBXBuildFile; fileRef = 8445598712FBBDA100AA0D15 /* FBDialog.bundle */; };
		844559A012FBBDA300AA0D15 /* NSObject+SBJSON.m in Sources */ = {isa = PBXBuildFile; fileRef = 8445598B12FBBDA100AA0D15 /* NSObject+SBJSON.m */; };
		844559A112FBBDA300AA0D15 /* NSString+SBJSON.m in Sources */ = {isa = PBXBuildFile; fileRef = 8445598D12FBBDA100AA0D15 /* NSString+SBJSON.m */; };
		844559A212FBBDA300AA0D15 /* SBJSON.m in Sources */ = {isa = PBXBuildFile; fileRef = 8445598F12FBBDA100AA0D15 /* SBJSON.m */; };
		844559A312FBBDA300AA0D15 /* SBJsonBase.m in Sources */ = {isa = PBXBuildFile; fileRef = 8445599112FBBDA100AA0D15 /* SBJsonBase.m */; };
		844559A412FBBDA300AA0D15 /* SBJsonParser.m in Sources */ = {isa = PBXBuildFile; fileRef = 8445599312FBBDA100AA0D15 /* SBJsonParser.m */; };
		844559A512FBBDA300AA0D15 /* SBJsonWriter.m in Sources */ = {isa = PBXBuildFile; fileRef = 8445599512FBBDA200AA0D15 /* SBJsonWriter.m */; };
		844559A612FBBDA300AA0D15 /* FBRequest.m in Sources */ = {isa = PBXBuildFile; fileRef = 8445599812FBBDA200AA0D15 /* FBRequest.m */; };
		844559A712FBBDA300AA0D15 /* Facebook.m in Sources */ = {isa = PBXBuildFile; fileRef = 8445599912FBBDA200AA0D15 /* Facebook.m */; };
		844559A812FBBDA300AA0D15 /* FBLoginDialog.m in Sources */ = {isa = PBXBuildFile; fileRef = 8445599C12FBBDA200AA0D15 /* FBLoginDialog.m */; };
		844559A912FBBDA300AA0D15 /* FBDialog.m in Sources */ = {isa = PBXBuildFile; fileRef = 8445599E12FBBDA300AA0D15 /* FBDialog.m */; };
		844559F912FBC45A00AA0D15 /* FBConnect.bundle in Resources */ = {isa = PBXBuildFile; fileRef = 844559F612FBC45A00AA0D15 /* FBConnect.bundle */; };
		844559FA12FBC45A00AA0D15 /* FBLoginButton.m in Sources */ = {isa = PBXBuildFile; fileRef = 844559F812FBC45A00AA0D15 /* FBLoginButton.m */; };
		84455ACA12FC0C1400AA0D15 /* Trip.m in Sources */ = {isa = PBXBuildFile; fileRef = 84455AC312FC0C1400AA0D15 /* Trip.m */; };
		84455ACB12FC0C1400AA0D15 /* Participant.m in Sources */ = {isa = PBXBuildFile; fileRef = 84455AC512FC0C1400AA0D15 /* Participant.m */; };
		84455ACC12FC0C1400AA0D15 /* Location.m in Sources */ = {isa = PBXBuildFile; fileRef = 84455AC712FC0C1400AA0D15 /* Location.m */; };
		84455ACD12FC0C1400AA0D15 /* Person.m in Sources */ = {isa = PBXBuildFile; fileRef = 84455AC912FC0C1400AA0D15 /* Person.m */; };
		845CBC1612FA6ED300A97891 /* TripSearchView.xib in Resources */ = {isa = PBXBuildFile; fileRef = 845CBC1512FA6ED300A97891 /* TripSearchView.xib */; };
		84A1E2A412F9182500BB82C8 /* TripSearchViewController.m in Sources */ = {isa = PBXBuildFile; fileRef = 84A1E2A212F9182500BB82C8 /* TripSearchViewController.m */; };
/* End PBXBuildFile section */

/* Begin PBXFileReference section */
		1D30AB110D05D00D00671497 /* Foundation.framework */ = {isa = PBXFileReference; lastKnownFileType = wrapper.framework; name = Foundation.framework; path = System/Library/Frameworks/Foundation.framework; sourceTree = SDKROOT; };
		1D3623240D0F684500981E51 /* WeGoTooAppDelegate.h */ = {isa = PBXFileReference; fileEncoding = 4; lastKnownFileType = sourcecode.c.h; path = WeGoTooAppDelegate.h; sourceTree = "<group>"; };
		1D3623250D0F684500981E51 /* WeGoTooAppDelegate.m */ = {isa = PBXFileReference; fileEncoding = 4; lastKnownFileType = sourcecode.c.objc; path = WeGoTooAppDelegate.m; sourceTree = "<group>"; };
		1D6058910D05DD3D006BFB54 /* WeGoToo.app */ = {isa = PBXFileReference; explicitFileType = wrapper.application; includeInIndex = 0; path = WeGoToo.app; sourceTree = BUILT_PRODUCTS_DIR; };
		1DF5F4DF0D08C38300B7A737 /* UIKit.framework */ = {isa = PBXFileReference; lastKnownFileType = wrapper.framework; name = UIKit.framework; path = System/Library/Frameworks/UIKit.framework; sourceTree = SDKROOT; };
		288765A40DF7441C002DB57D /* CoreGraphics.framework */ = {isa = PBXFileReference; lastKnownFileType = wrapper.framework; name = CoreGraphics.framework; path = System/Library/Frameworks/CoreGraphics.framework; sourceTree = SDKROOT; };
		28AD733E0D9D9553002E5188 /* MainWindow.xib */ = {isa = PBXFileReference; lastKnownFileType = file.xib; path = MainWindow.xib; sourceTree = "<group>"; };
		28C3AD890F43EF2300507BA6 /* WeGoToo.xcdatamodel */ = {isa = PBXFileReference; fileEncoding = 4; lastKnownFileType = wrapper.xcdatamodel; path = WeGoToo.xcdatamodel; sourceTree = "<group>"; };
		28D801B30F44B63D00FB423F /* CoreData.framework */ = {isa = PBXFileReference; lastKnownFileType = wrapper.framework; name = CoreData.framework; path = System/Library/Frameworks/CoreData.framework; sourceTree = SDKROOT; };
		29B97316FDCFA39411CA2CEA /* main.m */ = {isa = PBXFileReference; fileEncoding = 4; lastKnownFileType = sourcecode.c.objc; path = main.m; sourceTree = "<group>"; };
		32CA4F630368D1EE00C91783 /* WeGoToo_Prefix.pch */ = {isa = PBXFileReference; fileEncoding = 4; lastKnownFileType = sourcecode.c.h; path = WeGoToo_Prefix.pch; sourceTree = "<group>"; };
		8404C08B12F7FE85008FE3A2 /* MyTripsViewController.h */ = {isa = PBXFileReference; fileEncoding = 4; lastKnownFileType = sourcecode.c.h; path = MyTripsViewController.h; sourceTree = "<group>"; };
		8404C08C12F7FE85008FE3A2 /* MyTripsViewController.m */ = {isa = PBXFileReference; fileEncoding = 4; lastKnownFileType = sourcecode.c.objc; path = MyTripsViewController.m; sourceTree = "<group>"; };
		8404C08D12F7FE85008FE3A2 /* MyTripsView.xib */ = {isa = PBXFileReference; lastKnownFileType = file.xib; path = MyTripsView.xib; sourceTree = "<group>"; };
		8445582512FA810D00AA0D15 /* TripDetailViewController.h */ = {isa = PBXFileReference; fileEncoding = 4; lastKnownFileType = sourcecode.c.h; path = TripDetailViewController.h; sourceTree = "<group>"; };
		8445582612FA810D00AA0D15 /* TripDetailViewController.m */ = {isa = PBXFileReference; fileEncoding = 4; lastKnownFileType = sourcecode.c.objc; path = TripDetailViewController.m; sourceTree = "<group>"; };
		8445582712FA810D00AA0D15 /* TripDetailView.xib */ = {isa = PBXFileReference; lastKnownFileType = file.xib; path = TripDetailView.xib; sourceTree = "<group>"; };
		844558C912FAA13600AA0D15 /* FoundTripsView.xib */ = {isa = PBXFileReference; lastKnownFileType = file.xib; path = FoundTripsView.xib; sourceTree = "<group>"; };
		844558CB12FAA14D00AA0D15 /* FoundTripsViewController.h */ = {isa = PBXFileReference; fileEncoding = 4; lastKnownFileType = sourcecode.c.h; path = FoundTripsViewController.h; sourceTree = "<group>"; };
		844558CC12FAA14D00AA0D15 /* FoundTripsViewController.m */ = {isa = PBXFileReference; fileEncoding = 4; lastKnownFileType = sourcecode.c.objc; path = FoundTripsViewController.m; sourceTree = "<group>"; };
		8445598712FBBDA100AA0D15 /* FBDialog.bundle */ = {isa = PBXFileReference; lastKnownFileType = "wrapper.plug-in"; path = FBDialog.bundle; sourceTree = "<group>"; };
		8445598912FBBDA100AA0D15 /* JSON.h */ = {isa = PBXFileReference; fileEncoding = 4; lastKnownFileType = sourcecode.c.h; path = JSON.h; sourceTree = "<group>"; };
		8445598A12FBBDA100AA0D15 /* NSObject+SBJSON.h */ = {isa = PBXFileReference; fileEncoding = 4; lastKnownFileType = sourcecode.c.h; path = "NSObject+SBJSON.h"; sourceTree = "<group>"; };
		8445598B12FBBDA100AA0D15 /* NSObject+SBJSON.m */ = {isa = PBXFileReference; fileEncoding = 4; lastKnownFileType = sourcecode.c.objc; path = "NSObject+SBJSON.m"; sourceTree = "<group>"; };
		8445598C12FBBDA100AA0D15 /* NSString+SBJSON.h */ = {isa = PBXFileReference; fileEncoding = 4; lastKnownFileType = sourcecode.c.h; path = "NSString+SBJSON.h"; sourceTree = "<group>"; };
		8445598D12FBBDA100AA0D15 /* NSString+SBJSON.m */ = {isa = PBXFileReference; fileEncoding = 4; lastKnownFileType = sourcecode.c.objc; path = "NSString+SBJSON.m"; sourceTree = "<group>"; };
		8445598E12FBBDA100AA0D15 /* SBJSON.h */ = {isa = PBXFileReference; fileEncoding = 4; lastKnownFileType = sourcecode.c.h; path = SBJSON.h; sourceTree = "<group>"; };
		8445598F12FBBDA100AA0D15 /* SBJSON.m */ = {isa = PBXFileReference; fileEncoding = 4; lastKnownFileType = sourcecode.c.objc; path = SBJSON.m; sourceTree = "<group>"; };
		8445599012FBBDA100AA0D15 /* SBJsonBase.h */ = {isa = PBXFileReference; fileEncoding = 4; lastKnownFileType = sourcecode.c.h; path = SBJsonBase.h; sourceTree = "<group>"; };
		8445599112FBBDA100AA0D15 /* SBJsonBase.m */ = {isa = PBXFileReference; fileEncoding = 4; lastKnownFileType = sourcecode.c.objc; path = SBJsonBase.m; sourceTree = "<group>"; };
		8445599212FBBDA100AA0D15 /* SBJsonParser.h */ = {isa = PBXFileReference; fileEncoding = 4; lastKnownFileType = sourcecode.c.h; path = SBJsonParser.h; sourceTree = "<group>"; };
		8445599312FBBDA100AA0D15 /* SBJsonParser.m */ = {isa = PBXFileReference; fileEncoding = 4; lastKnownFileType = sourcecode.c.objc; path = SBJsonParser.m; sourceTree = "<group>"; };
		8445599412FBBDA100AA0D15 /* SBJsonWriter.h */ = {isa = PBXFileReference; fileEncoding = 4; lastKnownFileType = sourcecode.c.h; path = SBJsonWriter.h; sourceTree = "<group>"; };
		8445599512FBBDA200AA0D15 /* SBJsonWriter.m */ = {isa = PBXFileReference; fileEncoding = 4; lastKnownFileType = sourcecode.c.objc; path = SBJsonWriter.m; sourceTree = "<group>"; };
		8445599612FBBDA200AA0D15 /* FBConnect.h */ = {isa = PBXFileReference; fileEncoding = 4; lastKnownFileType = sourcecode.c.h; path = FBConnect.h; sourceTree = "<group>"; };
		8445599712FBBDA200AA0D15 /* FBRequest.h */ = {isa = PBXFileReference; fileEncoding = 4; lastKnownFileType = sourcecode.c.h; path = FBRequest.h; sourceTree = "<group>"; };
		8445599812FBBDA200AA0D15 /* FBRequest.m */ = {isa = PBXFileReference; fileEncoding = 4; lastKnownFileType = sourcecode.c.objc; path = FBRequest.m; sourceTree = "<group>"; };
		8445599912FBBDA200AA0D15 /* Facebook.m */ = {isa = PBXFileReference; fileEncoding = 4; lastKnownFileType = sourcecode.c.objc; path = Facebook.m; sourceTree = "<group>"; };
		8445599A12FBBDA200AA0D15 /* Facebook.h */ = {isa = PBXFileReference; fileEncoding = 4; lastKnownFileType = sourcecode.c.h; path = Facebook.h; sourceTree = "<group>"; };
		8445599B12FBBDA200AA0D15 /* FBLoginDialog.h */ = {isa = PBXFileReference; fileEncoding = 4; lastKnownFileType = sourcecode.c.h; path = FBLoginDialog.h; sourceTree = "<group>"; };
		8445599C12FBBDA200AA0D15 /* FBLoginDialog.m */ = {isa = PBXFileReference; fileEncoding = 4; lastKnownFileType = sourcecode.c.objc; path = FBLoginDialog.m; sourceTree = "<group>"; };
		8445599D12FBBDA200AA0D15 /* FBDialog.h */ = {isa = PBXFileReference; fileEncoding = 4; lastKnownFileType = sourcecode.c.h; path = FBDialog.h; sourceTree = "<group>"; };
		8445599E12FBBDA300AA0D15 /* FBDialog.m */ = {isa = PBXFileReference; fileEncoding = 4; lastKnownFileType = sourcecode.c.objc; path = FBDialog.m; sourceTree = "<group>"; };
		844559F612FBC45A00AA0D15 /* FBConnect.bundle */ = {isa = PBXFileReference; lastKnownFileType = "wrapper.plug-in"; path = FBConnect.bundle; sourceTree = "<group>"; };
		844559F712FBC45A00AA0D15 /* FBLoginButton.h */ = {isa = PBXFileReference; fileEncoding = 4; lastKnownFileType = sourcecode.c.h; path = FBLoginButton.h; sourceTree = "<group>"; };
		844559F812FBC45A00AA0D15 /* FBLoginButton.m */ = {isa = PBXFileReference; fileEncoding = 4; lastKnownFileType = sourcecode.c.objc; path = FBLoginButton.m; sourceTree = "<group>"; };
		84455AC212FC0C1400AA0D15 /* Trip.h */ = {isa = PBXFileReference; fileEncoding = 4; lastKnownFileType = sourcecode.c.h; path = Trip.h; sourceTree = "<group>"; };
		84455AC312FC0C1400AA0D15 /* Trip.m */ = {isa = PBXFileReference; fileEncoding = 4; lastKnownFileType = sourcecode.c.objc; path = Trip.m; sourceTree = "<group>"; };
		84455AC412FC0C1400AA0D15 /* Participant.h */ = {isa = PBXFileReference; fileEncoding = 4; lastKnownFileType = sourcecode.c.h; path = Participant.h; sourceTree = "<group>"; };
		84455AC512FC0C1400AA0D15 /* Participant.m */ = {isa = PBXFileReference; fileEncoding = 4; lastKnownFileType = sourcecode.c.objc; path = Participant.m; sourceTree = "<group>"; };
		84455AC612FC0C1400AA0D15 /* Location.h */ = {isa = PBXFileReference; fileEncoding = 4; lastKnownFileType = sourcecode.c.h; path = Location.h; sourceTree = "<group>"; };
		84455AC712FC0C1400AA0D15 /* Location.m */ = {isa = PBXFileReference; fileEncoding = 4; lastKnownFileType = sourcecode.c.objc; path = Location.m; sourceTree = "<group>"; };
		84455AC812FC0C1400AA0D15 /* Person.h */ = {isa = PBXFileReference; fileEncoding = 4; lastKnownFileType = sourcecode.c.h; path = Person.h; sourceTree = "<group>"; };
		84455AC912FC0C1400AA0D15 /* Person.m */ = {isa = PBXFileReference; fileEncoding = 4; lastKnownFileType = sourcecode.c.objc; path = Person.m; sourceTree = "<group>"; };
		845CBC1512FA6ED300A97891 /* TripSearchView.xib */ = {isa = PBXFileReference; lastKnownFileType = file.xib; path = TripSearchView.xib; sourceTree = "<group>"; };
		84A1E2A112F9182500BB82C8 /* TripSearchViewController.h */ = {isa = PBXFileReference; fileEncoding = 4; lastKnownFileType = sourcecode.c.h; path = TripSearchViewController.h; sourceTree = "<group>"; };
		84A1E2A212F9182500BB82C8 /* TripSearchViewController.m */ = {isa = PBXFileReference; fileEncoding = 4; lastKnownFileType = sourcecode.c.objc; path = TripSearchViewController.m; sourceTree = "<group>"; };
		8D1107310486CEB800E47090 /* WeGoToo-Info.plist */ = {isa = PBXFileReference; fileEncoding = 4; lastKnownFileType = text.plist.xml; path = "WeGoToo-Info.plist"; plistStructureDefinitionIdentifier = "com.apple.xcode.plist.structure-definition.iphone.info-plist"; sourceTree = "<group>"; };
/* End PBXFileReference section */

/* Begin PBXFrameworksBuildPhase section */
		1D60588F0D05DD3D006BFB54 /* Frameworks */ = {
			isa = PBXFrameworksBuildPhase;
			buildActionMask = 2147483647;
			files = (
				1D60589F0D05DD5A006BFB54 /* Foundation.framework in Frameworks */,
				1DF5F4E00D08C38300B7A737 /* UIKit.framework in Frameworks */,
				288765A50DF7441C002DB57D /* CoreGraphics.framework in Frameworks */,
				28D801B40F44B63D00FB423F /* CoreData.framework in Frameworks */,
			);
			runOnlyForDeploymentPostprocessing = 0;
		};
/* End PBXFrameworksBuildPhase section */

/* Begin PBXGroup section */
		080E96DDFE201D6D7F000001 /* Classes */ = {
			isa = PBXGroup;
			children = (
				844558CB12FAA14D00AA0D15 /* FoundTripsViewController.h */,
				844558CC12FAA14D00AA0D15 /* FoundTripsViewController.m */,
				844558C912FAA13600AA0D15 /* FoundTripsView.xib */,
				8404C08B12F7FE85008FE3A2 /* MyTripsViewController.h */,
				8404C08C12F7FE85008FE3A2 /* MyTripsViewController.m */,
				8404C08D12F7FE85008FE3A2 /* MyTripsView.xib */,
				8445582512FA810D00AA0D15 /* TripDetailViewController.h */,
				8445582612FA810D00AA0D15 /* TripDetailViewController.m */,
				8445582712FA810D00AA0D15 /* TripDetailView.xib */,
				845CBC1512FA6ED300A97891 /* TripSearchView.xib */,
				84A1E2A112F9182500BB82C8 /* TripSearchViewController.h */,
				84A1E2A212F9182500BB82C8 /* TripSearchViewController.m */,
				1D3623240D0F684500981E51 /* WeGoTooAppDelegate.h */,
				1D3623250D0F684500981E51 /* WeGoTooAppDelegate.m */,
			);
			path = Classes;
			sourceTree = "<group>";
		};
		19C28FACFE9D520D11CA2CBB /* Products */ = {
			isa = PBXGroup;
			children = (
				1D6058910D05DD3D006BFB54 /* WeGoToo.app */,
			);
			name = Products;
			sourceTree = "<group>";
		};
		29B97314FDCFA39411CA2CEA /* CustomTemplate */ = {
			isa = PBXGroup;
			children = (
				84455ACE12FC0C1B00AA0D15 /* Entities */,
				844559F412FBC44200AA0D15 /* FBLoginButton */,
				8445598612FBBDA100AA0D15 /* FBConnect */,
				080E96DDFE201D6D7F000001 /* Classes */,
				29B97315FDCFA39411CA2CEA /* Other Sources */,
				29B97317FDCFA39411CA2CEA /* Resources */,
				29B97323FDCFA39411CA2CEA /* Frameworks */,
				19C28FACFE9D520D11CA2CBB /* Products */,
			);
			name = CustomTemplate;
			sourceTree = "<group>";
		};
		29B97315FDCFA39411CA2CEA /* Other Sources */ = {
			isa = PBXGroup;
			children = (
				32CA4F630368D1EE00C91783 /* WeGoToo_Prefix.pch */,
				29B97316FDCFA39411CA2CEA /* main.m */,
			);
			name = "Other Sources";
			sourceTree = "<group>";
		};
		29B97317FDCFA39411CA2CEA /* Resources */ = {
			isa = PBXGroup;
			children = (
				2819305F112F816700ECF9B4 /* WeGoToo.xcdatamodeld */,
				28AD733E0D9D9553002E5188 /* MainWindow.xib */,
				8D1107310486CEB800E47090 /* WeGoToo-Info.plist */,
			);
			name = Resources;
			sourceTree = "<group>";
		};
		29B97323FDCFA39411CA2CEA /* Frameworks */ = {
			isa = PBXGroup;
			children = (
				1DF5F4DF0D08C38300B7A737 /* UIKit.framework */,
				1D30AB110D05D00D00671497 /* Foundation.framework */,
				288765A40DF7441C002DB57D /* CoreGraphics.framework */,
				28D801B30F44B63D00FB423F /* CoreData.framework */,
			);
			name = Frameworks;
			sourceTree = "<group>";
		};
		8445598612FBBDA100AA0D15 /* FBConnect */ = {
			isa = PBXGroup;
			children = (
				8445598712FBBDA100AA0D15 /* FBDialog.bundle */,
				8445598812FBBDA100AA0D15 /* JSON */,
				8445599612FBBDA200AA0D15 /* FBConnect.h */,
				8445599712FBBDA200AA0D15 /* FBRequest.h */,
				8445599812FBBDA200AA0D15 /* FBRequest.m */,
				8445599912FBBDA200AA0D15 /* Facebook.m */,
				8445599A12FBBDA200AA0D15 /* Facebook.h */,
				8445599B12FBBDA200AA0D15 /* FBLoginDialog.h */,
				8445599C12FBBDA200AA0D15 /* FBLoginDialog.m */,
				8445599D12FBBDA200AA0D15 /* FBDialog.h */,
				8445599E12FBBDA300AA0D15 /* FBDialog.m */,
			);
			name = FBConnect;
			sourceTree = "<group>";
		};
		8445598812FBBDA100AA0D15 /* JSON */ = {
			isa = PBXGroup;
			children = (
				8445598912FBBDA100AA0D15 /* JSON.h */,
				8445598A12FBBDA100AA0D15 /* NSObject+SBJSON.h */,
				8445598B12FBBDA100AA0D15 /* NSObject+SBJSON.m */,
				8445598C12FBBDA100AA0D15 /* NSString+SBJSON.h */,
				8445598D12FBBDA100AA0D15 /* NSString+SBJSON.m */,
				8445598E12FBBDA100AA0D15 /* SBJSON.h */,
				8445598F12FBBDA100AA0D15 /* SBJSON.m */,
				8445599012FBBDA100AA0D15 /* SBJsonBase.h */,
				8445599112FBBDA100AA0D15 /* SBJsonBase.m */,
				8445599212FBBDA100AA0D15 /* SBJsonParser.h */,
				8445599312FBBDA100AA0D15 /* SBJsonParser.m */,
				8445599412FBBDA100AA0D15 /* SBJsonWriter.h */,
				8445599512FBBDA200AA0D15 /* SBJsonWriter.m */,
			);
			path = JSON;
			sourceTree = "<group>";
		};
		844559F412FBC44200AA0D15 /* FBLoginButton */ = {
			isa = PBXGroup;
			children = (
				844559F612FBC45A00AA0D15 /* FBConnect.bundle */,
				844559F712FBC45A00AA0D15 /* FBLoginButton.h */,
				844559F812FBC45A00AA0D15 /* FBLoginButton.m */,
			);
			name = FBLoginButton;
			sourceTree = "<group>";
		};
		84455ACE12FC0C1B00AA0D15 /* Entities */ = {
			isa = PBXGroup;
			children = (
				84455AC212FC0C1400AA0D15 /* Trip.h */,
				84455AC312FC0C1400AA0D15 /* Trip.m */,
				84455AC412FC0C1400AA0D15 /* Participant.h */,
				84455AC512FC0C1400AA0D15 /* Participant.m */,
				84455AC612FC0C1400AA0D15 /* Location.h */,
				84455AC712FC0C1400AA0D15 /* Location.m */,
				84455AC812FC0C1400AA0D15 /* Person.h */,
				84455AC912FC0C1400AA0D15 /* Person.m */,
			);
			name = Entities;
			sourceTree = "<group>";
		};
/* End PBXGroup section */

/* Begin PBXNativeTarget section */
		1D6058900D05DD3D006BFB54 /* WeGoToo */ = {
			isa = PBXNativeTarget;
			buildConfigurationList = 1D6058960D05DD3E006BFB54 /* Build configuration list for PBXNativeTarget "WeGoToo" */;
			buildPhases = (
				1D60588D0D05DD3D006BFB54 /* Resources */,
				1D60588E0D05DD3D006BFB54 /* Sources */,
				1D60588F0D05DD3D006BFB54 /* Frameworks */,
			);
			buildRules = (
			);
			dependencies = (
			);
			name = WeGoToo;
			productName = WeGoToo;
			productReference = 1D6058910D05DD3D006BFB54 /* WeGoToo.app */;
			productType = "com.apple.product-type.application";
		};
/* End PBXNativeTarget section */

/* Begin PBXProject section */
		29B97313FDCFA39411CA2CEA /* Project object */ = {
			isa = PBXProject;
			buildConfigurationList = C01FCF4E08A954540054247B /* Build configuration list for PBXProject "WeGoToo" */;
			compatibilityVersion = "Xcode 3.2";
			developmentRegion = English;
			hasScannedForEncodings = 1;
			knownRegions = (
				English,
				Japanese,
				French,
				German,
			);
			mainGroup = 29B97314FDCFA39411CA2CEA /* CustomTemplate */;
			projectDirPath = "";
			projectRoot = "";
			targets = (
				1D6058900D05DD3D006BFB54 /* WeGoToo */,
			);
		};
/* End PBXProject section */

/* Begin PBXResourcesBuildPhase section */
		1D60588D0D05DD3D006BFB54 /* Resources */ = {
			isa = PBXResourcesBuildPhase;
			buildActionMask = 2147483647;
			files = (
				28AD733F0D9D9553002E5188 /* MainWindow.xib in Resources */,
				8404C08F12F7FE85008FE3A2 /* MyTripsView.xib in Resources */,
				845CBC1612FA6ED300A97891 /* TripSearchView.xib in Resources */,
				8445582912FA810D00AA0D15 /* TripDetailView.xib in Resources */,
				844558CA12FAA13600AA0D15 /* FoundTripsView.xib in Resources */,
				8445599F12FBBDA300AA0D15 /* FBDialog.bundle in Resources */,
				844559F912FBC45A00AA0D15 /* FBConnect.bundle in Resources */,
			);
			runOnlyForDeploymentPostprocessing = 0;
		};
/* End PBXResourcesBuildPhase section */

/* Begin PBXSourcesBuildPhase section */
		1D60588E0D05DD3D006BFB54 /* Sources */ = {
			isa = PBXSourcesBuildPhase;
			buildActionMask = 2147483647;
			files = (
				1D60589B0D05DD56006BFB54 /* main.m in Sources */,
				1D3623260D0F684500981E51 /* WeGoTooAppDelegate.m in Sources */,
				28193060112F816700ECF9B4 /* WeGoToo.xcdatamodeld in Sources */,
				8404C08E12F7FE85008FE3A2 /* MyTripsViewController.m in Sources */,
				84A1E2A412F9182500BB82C8 /* TripSearchViewController.m in Sources */,
				8445582812FA810D00AA0D15 /* TripDetailViewController.m in Sources */,
				844558CD12FAA14D00AA0D15 /* FoundTripsViewController.m in Sources */,
				844559A012FBBDA300AA0D15 /* NSObject+SBJSON.m in Sources */,
				844559A112FBBDA300AA0D15 /* NSString+SBJSON.m in Sources */,
				844559A212FBBDA300AA0D15 /* SBJSON.m in Sources */,
				844559A312FBBDA300AA0D15 /* SBJsonBase.m in Sources */,
				844559A412FBBDA300AA0D15 /* SBJsonParser.m in Sources */,
				844559A512FBBDA300AA0D15 /* SBJsonWriter.m in Sources */,
				844559A612FBBDA300AA0D15 /* FBRequest.m in Sources */,
				844559A712FBBDA300AA0D15 /* Facebook.m in Sources */,
				844559A812FBBDA300AA0D15 /* FBLoginDialog.m in Sources */,
				844559A912FBBDA300AA0D15 /* FBDialog.m in Sources */,
				844559FA12FBC45A00AA0D15 /* FBLoginButton.m in Sources */,
				84455ACA12FC0C1400AA0D15 /* Trip.m in Sources */,
				84455ACB12FC0C1400AA0D15 /* Participant.m in Sources */,
				84455ACC12FC0C1400AA0D15 /* Location.m in Sources */,
				84455ACD12FC0C1400AA0D15 /* Person.m in Sources */,
			);
			runOnlyForDeploymentPostprocessing = 0;
		};
/* End PBXSourcesBuildPhase section */

/* Begin XCBuildConfiguration section */
		1D6058940D05DD3E006BFB54 /* Debug */ = {
			isa = XCBuildConfiguration;
			buildSettings = {
				ALWAYS_SEARCH_USER_PATHS = NO;
				COPY_PHASE_STRIP = NO;
				GCC_DYNAMIC_NO_PIC = NO;
				GCC_OPTIMIZATION_LEVEL = 0;
				GCC_PRECOMPILE_PREFIX_HEADER = YES;
				GCC_PREFIX_HEADER = WeGoToo_Prefix.pch;
				INFOPLIST_FILE = "WeGoToo-Info.plist";
				PRODUCT_NAME = WeGoToo;
			};
			name = Debug;
		};
		1D6058950D05DD3E006BFB54 /* Release */ = {
			isa = XCBuildConfiguration;
			buildSettings = {
				ALWAYS_SEARCH_USER_PATHS = NO;
				COPY_PHASE_STRIP = YES;
				GCC_PRECOMPILE_PREFIX_HEADER = YES;
				GCC_PREFIX_HEADER = WeGoToo_Prefix.pch;
				INFOPLIST_FILE = "WeGoToo-Info.plist";
				PRODUCT_NAME = WeGoToo;
				VALIDATE_PRODUCT = YES;
			};
			name = Release;
		};
		C01FCF4F08A954540054247B /* Debug */ = {
			isa = XCBuildConfiguration;
			buildSettings = {
				ARCHS = "$(ARCHS_STANDARD_32_BIT)";
				"CODE_SIGN_IDENTITY[sdk=iphoneos*]" = "iPhone Developer";
				GCC_C_LANGUAGE_STANDARD = c99;
				GCC_WARN_ABOUT_RETURN_TYPE = YES;
				GCC_WARN_UNUSED_VARIABLE = YES;
				PREBINDING = NO;
				SDKROOT = iphoneos;
			};
			name = Debug;
		};
		C01FCF5008A954540054247B /* Release */ = {
			isa = XCBuildConfiguration;
			buildSettings = {
				ARCHS = "$(ARCHS_STANDARD_32_BIT)";
				"CODE_SIGN_IDENTITY[sdk=iphoneos*]" = "iPhone Developer";
				GCC_C_LANGUAGE_STANDARD = c99;
				GCC_WARN_ABOUT_RETURN_TYPE = YES;
				GCC_WARN_UNUSED_VARIABLE = YES;
				OTHER_CFLAGS = "-DNS_BLOCK_ASSERTIONS=1";
				PREBINDING = NO;
				SDKROOT = iphoneos;
			};
			name = Release;
		};
/* End XCBuildConfiguration section */

/* Begin XCConfigurationList section */
		1D6058960D05DD3E006BFB54 /* Build configuration list for PBXNativeTarget "WeGoToo" */ = {
			isa = XCConfigurationList;
			buildConfigurations = (
				1D6058940D05DD3E006BFB54 /* Debug */,
				1D6058950D05DD3E006BFB54 /* Release */,
			);
			defaultConfigurationIsVisible = 0;
			defaultConfigurationName = Release;
		};
		C01FCF4E08A954540054247B /* Build configuration list for PBXProject "WeGoToo" */ = {
			isa = XCConfigurationList;
			buildConfigurations = (
				C01FCF4F08A954540054247B /* Debug */,
				C01FCF5008A954540054247B /* Release */,
			);
			defaultConfigurationIsVisible = 0;
			defaultConfigurationName = Release;
		};
/* End XCConfigurationList section */

/* Begin XCVersionGroup section */
		2819305F112F816700ECF9B4 /* WeGoToo.xcdatamodeld */ = {
			isa = XCVersionGroup;
			children = (
				28C3AD890F43EF2300507BA6 /* WeGoToo.xcdatamodel */,
			);
			currentVersion = 28C3AD890F43EF2300507BA6 /* WeGoToo.xcdatamodel */;
			path = WeGoToo.xcdatamodeld;
			sourceTree = "<group>";
			versionGroupType = wrapper.xcdatamodel;
		};
/* End XCVersionGroup section */
	};
	rootObject = 29B97313FDCFA39411CA2CEA /* Project object */;
}
